
Microsoft Visual Studio Solution File, Format Version 12.00
Project("{FAE04EC0-301F-11D3-BF4B-00C04F79EFBC}") = "TestTask", "TestTask\TestTask.csproj", "{686BA144-1B63-42FE-8EB1-73958E5C5D4E}"
EndProject
Project("{FAE04EC0-301F-11D3-BF4B-00C04F79EFBC}") = "SquareTest", "SquareTest\SquareTest.csproj", "{DF3D096C-FACE-4D7A-9DF5-22EBEB34D05C}"
EndProject
Global
	GlobalSection(SolutionConfigurationPlatforms) = preSolution
		Debug|Any CPU = Debug|Any CPU
		Release|Any CPU = Release|Any CPU
	EndGlobalSection
	GlobalSection(ProjectConfigurationPlatforms) = postSolution
		{686BA144-1B63-42FE-8EB1-73958E5C5D4E}.Debug|Any CPU.ActiveCfg = Debug|Any CPU
		{686BA144-1B63-42FE-8EB1-73958E5C5D4E}.Debug|Any CPU.Build.0 = Debug|Any CPU
		{686BA144-1B63-42FE-8EB1-73958E5C5D4E}.Release|Any CPU.ActiveCfg = Release|Any CPU
		{686BA144-1B63-42FE-8EB1-73958E5C5D4E}.Release|Any CPU.Build.0 = Release|Any CPU
		{DF3D096C-FACE-4D7A-9DF5-22EBEB34D05C}.Debug|Any CPU.ActiveCfg = Debug|Any CPU
		{DF3D096C-FACE-4D7A-9DF5-22EBEB34D05C}.Debug|Any CPU.Build.0 = Debug|Any CPU
		{DF3D096C-FACE-4D7A-9DF5-22EBEB34D05C}.Release|Any CPU.ActiveCfg = Release|Any CPU
		{DF3D096C-FACE-4D7A-9DF5-22EBEB34D05C}.Release|Any CPU.Build.0 = Release|Any CPU
	EndGlobalSection
EndGlobal
